
Microsoft Visual Studio Solution File, Format Version 12.00
# Visual Studio Version 17
VisualStudioVersion = 17.3.32819.101
MinimumVisualStudioVersion = 10.0.40219.1
Project("{FAE04EC0-301F-11D3-BF4B-00C04F79EFBC}") = "whiteCsharp", "whiteCsharp\whiteCsharp.csproj", "{C09639E7-FA57-473E-8C19-90856D172D61}"
EndProject
Global
	GlobalSection(SolutionConfigurationPlatforms) = preSolution
		Debug|Any CPU = Debug|Any CPU
		Release|Any CPU = Release|Any CPU
	EndGlobalSection
	GlobalSection(ProjectConfigurationPlatforms) = postSolution
		{C09639E7-FA57-473E-8C19-90856D172D61}.Debug|Any CPU.ActiveCfg = Debug|Any CPU
		{C09639E7-FA57-473E-8C19-90856D172D61}.Debug|Any CPU.Build.0 = Debug|Any CPU
		{C09639E7-FA57-473E-8C19-90856D172D61}.Release|Any CPU.ActiveCfg = Release|Any CPU
		{C09639E7-FA57-473E-8C19-90856D172D61}.Release|Any CPU.Build.0 = Release|Any CPU
	EndGlobalSection
	GlobalSection(SolutionProperties) = preSolution
		HideSolutionNode = FALSE
	EndGlobalSection
	GlobalSection(ExtensibilityGlobals) = postSolution
		SolutionGuid = {2BA6C1DA-9D43-4CA8-B460-6C3940647519}
	EndGlobalSection
EndGlobal
